
Microsoft Visual Studio Solution File, Format Version 12.00
# Visual Studio Version 17
VisualStudioVersion = 17.7.34018.315
MinimumVisualStudioVersion = 10.0.40219.1
Project("{FAE04EC0-301F-11D3-BF4B-00C04F79EFBC}") = "TestApi", "TestApi\TestApi.csproj", "{09C89EC0-518E-4C37-9805-95220CE2154E}"
EndProject
Global
	GlobalSection(SolutionConfigurationPlatforms) = preSolution
		Debug|Any CPU = Debug|Any CPU
		Release|Any CPU = Release|Any CPU
	EndGlobalSection
	GlobalSection(ProjectConfigurationPlatforms) = postSolution
		{09C89EC0-518E-4C37-9805-95220CE2154E}.Debug|Any CPU.ActiveCfg = Debug|Any CPU
		{09C89EC0-518E-4C37-9805-95220CE2154E}.Debug|Any CPU.Build.0 = Debug|Any CPU
		{09C89EC0-518E-4C37-9805-95220CE2154E}.Release|Any CPU.ActiveCfg = Release|Any CPU
		{09C89EC0-518E-4C37-9805-95220CE2154E}.Release|Any CPU.Build.0 = Release|Any CPU
	EndGlobalSection
	GlobalSection(SolutionProperties) = preSolution
		HideSolutionNode = FALSE
	EndGlobalSection
	GlobalSection(ExtensibilityGlobals) = postSolution
		SolutionGuid = {EC079338-4505-4A89-9357-61B05D8AE646}
	EndGlobalSection
EndGlobal
